lockfile_version = 2

[meta]
name = "test"
version = "0.0.1"

[[packages]]
module = "github.com/oleghq/agent-configs/mcps/linear"
direct = true
kind = "plugin"
url = "https://github.com/oleghq/agent-configs/tree/281d30f17f215d5d6cdb55cbcb7456ae4ca952f1/mcps/linear"
owner = "oleghq"
repo = "agent-configs"
path = "mcps/linear"
commit = "281d30f17f215d5d6cdb55cbcb7456ae4ca952f1"
cache_key = "af38e50122e8da8dc3fd6fdc20ea217bf94361a17d8744573b727d7efe6cf12d"
name = ""
